
Microsoft Visual Studio Solution File, Format Version 12.00
# Visual Studio 15
VisualStudioVersion = 15.0.27703.2035
MinimumVisualStudioVersion = 10.0.40219.1
Project("{FAE04EC0-301F-11D3-BF4B-00C04F79EFBC}") = "Lab2_1A", "Lab2_1A\Lab2_1A.csproj", "{D27A8FCF-D410-4AEC-99E6-372B0B418B1F}"
EndProject
Global
	GlobalSection(SolutionConfigurationPlatforms) = preSolution
		Debug|Any CPU = Debug|Any CPU
		Release|Any CPU = Release|Any CPU
	EndGlobalSection
	GlobalSection(ProjectConfigurationPlatforms) = postSolution
		{D27A8FCF-D410-4AEC-99E6-372B0B418B1F}.Debug|Any CPU.ActiveCfg = Debug|Any CPU
		{D27A8FCF-D410-4AEC-99E6-372B0B418B1F}.Debug|Any CPU.Build.0 = Debug|Any CPU
		{D27A8FCF-D410-4AEC-99E6-372B0B418B1F}.Release|Any CPU.ActiveCfg = Release|Any CPU
		{D27A8FCF-D410-4AEC-99E6-372B0B418B1F}.Release|Any CPU.Build.0 = Release|Any CPU
	EndGlobalSection
	GlobalSection(SolutionProperties) = preSolution
		HideSolutionNode = FALSE
	EndGlobalSection
	GlobalSection(ExtensibilityGlobals) = postSolution
		SolutionGuid = {2A0B5692-CCDD-4F78-A919-A5C80EDB16B1}
	EndGlobalSection
EndGlobal
