
Microsoft Visual Studio Solution File, Format Version 12.00
# Visual Studio 15
VisualStudioVersion = 15.0.28307.852
MinimumVisualStudioVersion = 10.0.40219.1
Project("{FAE04EC0-301F-11D3-BF4B-00C04F79EFBC}") = "Bailey'sBedandBreakfast", "Bailey'sBedandBreakfast\Bailey'sBedandBreakfast.csproj", "{1854C8DD-BBBF-4E0E-85CB-B37188C22780}"
EndProject
Global
	GlobalSection(SolutionConfigurationPlatforms) = preSolution
		Debug|Any CPU = Debug|Any CPU
		Release|Any CPU = Release|Any CPU
	EndGlobalSection
	GlobalSection(ProjectConfigurationPlatforms) = postSolution
		{1854C8DD-BBBF-4E0E-85CB-B37188C22780}.Debug|Any CPU.ActiveCfg = Debug|Any CPU
		{1854C8DD-BBBF-4E0E-85CB-B37188C22780}.Debug|Any CPU.Build.0 = Debug|Any CPU
		{1854C8DD-BBBF-4E0E-85CB-B37188C22780}.Release|Any CPU.ActiveCfg = Release|Any CPU
		{1854C8DD-BBBF-4E0E-85CB-B37188C22780}.Release|Any CPU.Build.0 = Release|Any CPU
	EndGlobalSection
	GlobalSection(SolutionProperties) = preSolution
		HideSolutionNode = FALSE
	EndGlobalSection
	GlobalSection(ExtensibilityGlobals) = postSolution
		SolutionGuid = {C534590D-3306-4F58-971B-0FDF1D5A20BD}
	EndGlobalSection
EndGlobal
