
Microsoft Visual Studio Solution File, Format Version 12.00
# Visual Studio Version 16
VisualStudioVersion = 16.0.28729.10
MinimumVisualStudioVersion = 10.0.40219.1
Project("{FAE04EC0-301F-11D3-BF4B-00C04F79EFBC}") = "Lab6_2A", "Lab6_2A\Lab6_2A.csproj", "{BA94685E-93FA-4EC9-8933-66CB7C4BCD07}"
EndProject
Global
	GlobalSection(SolutionConfigurationPlatforms) = preSolution
		Debug|Any CPU = Debug|Any CPU
		Release|Any CPU = Release|Any CPU
	EndGlobalSection
	GlobalSection(ProjectConfigurationPlatforms) = postSolution
		{BA94685E-93FA-4EC9-8933-66CB7C4BCD07}.Debug|Any CPU.ActiveCfg = Debug|Any CPU
		{BA94685E-93FA-4EC9-8933-66CB7C4BCD07}.Debug|Any CPU.Build.0 = Debug|Any CPU
		{BA94685E-93FA-4EC9-8933-66CB7C4BCD07}.Release|Any CPU.ActiveCfg = Release|Any CPU
		{BA94685E-93FA-4EC9-8933-66CB7C4BCD07}.Release|Any CPU.Build.0 = Release|Any CPU
	EndGlobalSection
	GlobalSection(SolutionProperties) = preSolution
		HideSolutionNode = FALSE
	EndGlobalSection
	GlobalSection(ExtensibilityGlobals) = postSolution
		SolutionGuid = {FF11336E-4F6C-43F9-886B-00C59CB7D889}
	EndGlobalSection
EndGlobal
