
Microsoft Visual Studio Solution File, Format Version 12.00
# Visual Studio 15
VisualStudioVersion = 15.0.28307.852
MinimumVisualStudioVersion = 10.0.40219.1
Project("{FAE04EC0-301F-11D3-BF4B-00C04F79EFBC}") = "Lab8_1B", "Lab8_1B\Lab8_1B.csproj", "{23760A2A-E097-43D5-A027-22B18420DFC2}"
EndProject
Global
	GlobalSection(SolutionConfigurationPlatforms) = preSolution
		Debug|Any CPU = Debug|Any CPU
		Release|Any CPU = Release|Any CPU
	EndGlobalSection
	GlobalSection(ProjectConfigurationPlatforms) = postSolution
		{23760A2A-E097-43D5-A027-22B18420DFC2}.Debug|Any CPU.ActiveCfg = Debug|Any CPU
		{23760A2A-E097-43D5-A027-22B18420DFC2}.Debug|Any CPU.Build.0 = Debug|Any CPU
		{23760A2A-E097-43D5-A027-22B18420DFC2}.Release|Any CPU.ActiveCfg = Release|Any CPU
		{23760A2A-E097-43D5-A027-22B18420DFC2}.Release|Any CPU.Build.0 = Release|Any CPU
	EndGlobalSection
	GlobalSection(SolutionProperties) = preSolution
		HideSolutionNode = FALSE
	EndGlobalSection
	GlobalSection(ExtensibilityGlobals) = postSolution
		SolutionGuid = {9F37F5E5-2C85-4ADA-B0D2-545E8AB19AA2}
	EndGlobalSection
EndGlobal
