
Microsoft Visual Studio Solution File, Format Version 12.00
# Visual Studio 15
VisualStudioVersion = 15.0.27703.2035
MinimumVisualStudioVersion = 10.0.40219.1
Project("{FAE04EC0-301F-11D3-BF4B-00C04F79EFBC}") = "Lab1_2B", "Lab1_2B\Lab1_2B.csproj", "{AE2F5079-A38B-4C4D-8F31-B488C7A3052A}"
EndProject
Global
	GlobalSection(SolutionConfigurationPlatforms) = preSolution
		Debug|Any CPU = Debug|Any CPU
		Release|Any CPU = Release|Any CPU
	EndGlobalSection
	GlobalSection(ProjectConfigurationPlatforms) = postSolution
		{AE2F5079-A38B-4C4D-8F31-B488C7A3052A}.Debug|Any CPU.ActiveCfg = Debug|Any CPU
		{AE2F5079-A38B-4C4D-8F31-B488C7A3052A}.Debug|Any CPU.Build.0 = Debug|Any CPU
		{AE2F5079-A38B-4C4D-8F31-B488C7A3052A}.Release|Any CPU.ActiveCfg = Release|Any CPU
		{AE2F5079-A38B-4C4D-8F31-B488C7A3052A}.Release|Any CPU.Build.0 = Release|Any CPU
	EndGlobalSection
	GlobalSection(SolutionProperties) = preSolution
		HideSolutionNode = FALSE
	EndGlobalSection
	GlobalSection(ExtensibilityGlobals) = postSolution
		SolutionGuid = {38F86BA4-88CE-4D21-9B99-27E41AD17717}
	EndGlobalSection
EndGlobal
