
Microsoft Visual Studio Solution File, Format Version 12.00
# Visual Studio 15
VisualStudioVersion = 15.0.28307.852
MinimumVisualStudioVersion = 10.0.40219.1
Project("{FAE04EC0-301F-11D3-BF4B-00C04F79EFBC}") = "Lab7_2C", "Lab7_2C\Lab7_2C.csproj", "{18460DCA-BC59-4FAF-98D1-00601E70CBBE}"
EndProject
Global
	GlobalSection(SolutionConfigurationPlatforms) = preSolution
		Debug|Any CPU = Debug|Any CPU
		Release|Any CPU = Release|Any CPU
	EndGlobalSection
	GlobalSection(ProjectConfigurationPlatforms) = postSolution
		{18460DCA-BC59-4FAF-98D1-00601E70CBBE}.Debug|Any CPU.ActiveCfg = Debug|Any CPU
		{18460DCA-BC59-4FAF-98D1-00601E70CBBE}.Debug|Any CPU.Build.0 = Debug|Any CPU
		{18460DCA-BC59-4FAF-98D1-00601E70CBBE}.Release|Any CPU.ActiveCfg = Release|Any CPU
		{18460DCA-BC59-4FAF-98D1-00601E70CBBE}.Release|Any CPU.Build.0 = Release|Any CPU
	EndGlobalSection
	GlobalSection(SolutionProperties) = preSolution
		HideSolutionNode = FALSE
	EndGlobalSection
	GlobalSection(ExtensibilityGlobals) = postSolution
		SolutionGuid = {71EE6EC6-D742-4CA2-A66C-279627161AA7}
	EndGlobalSection
EndGlobal
