
Microsoft Visual Studio Solution File, Format Version 12.00
# Visual Studio 15
VisualStudioVersion = 15.0.28307.852
MinimumVisualStudioVersion = 10.0.40219.1
Project("{FAE04EC0-301F-11D3-BF4B-00C04F79EFBC}") = "Lab7_3B", "Lab7_3B\Lab7_3B.csproj", "{F3F6A2A9-258B-4B6B-A285-E994BDAFE6EC}"
EndProject
Global
	GlobalSection(SolutionConfigurationPlatforms) = preSolution
		Debug|Any CPU = Debug|Any CPU
		Release|Any CPU = Release|Any CPU
	EndGlobalSection
	GlobalSection(ProjectConfigurationPlatforms) = postSolution
		{F3F6A2A9-258B-4B6B-A285-E994BDAFE6EC}.Debug|Any CPU.ActiveCfg = Debug|Any CPU
		{F3F6A2A9-258B-4B6B-A285-E994BDAFE6EC}.Debug|Any CPU.Build.0 = Debug|Any CPU
		{F3F6A2A9-258B-4B6B-A285-E994BDAFE6EC}.Release|Any CPU.ActiveCfg = Release|Any CPU
		{F3F6A2A9-258B-4B6B-A285-E994BDAFE6EC}.Release|Any CPU.Build.0 = Release|Any CPU
	EndGlobalSection
	GlobalSection(SolutionProperties) = preSolution
		HideSolutionNode = FALSE
	EndGlobalSection
	GlobalSection(ExtensibilityGlobals) = postSolution
		SolutionGuid = {08274036-DA70-431B-AC27-A39CD73AF987}
	EndGlobalSection
EndGlobal
