
Microsoft Visual Studio Solution File, Format Version 12.00
# Visual Studio Version 16
VisualStudioVersion = 16.0.29509.3
MinimumVisualStudioVersion = 10.0.40219.1
Project("{FAE04EC0-301F-11D3-BF4B-00C04F79EFBC}") = "Lab11_1B", "Lab11_1B\Lab11_1B.csproj", "{FED32B9B-38AD-46E9-933F-B9612B4B6160}"
EndProject
Global
	GlobalSection(SolutionConfigurationPlatforms) = preSolution
		Debug|Any CPU = Debug|Any CPU
		Release|Any CPU = Release|Any CPU
	EndGlobalSection
	GlobalSection(ProjectConfigurationPlatforms) = postSolution
		{FED32B9B-38AD-46E9-933F-B9612B4B6160}.Debug|Any CPU.ActiveCfg = Debug|Any CPU
		{FED32B9B-38AD-46E9-933F-B9612B4B6160}.Debug|Any CPU.Build.0 = Debug|Any CPU
		{FED32B9B-38AD-46E9-933F-B9612B4B6160}.Release|Any CPU.ActiveCfg = Release|Any CPU
		{FED32B9B-38AD-46E9-933F-B9612B4B6160}.Release|Any CPU.Build.0 = Release|Any CPU
	EndGlobalSection
	GlobalSection(SolutionProperties) = preSolution
		HideSolutionNode = FALSE
	EndGlobalSection
	GlobalSection(ExtensibilityGlobals) = postSolution
		SolutionGuid = {579A8846-3B73-47D0-955F-92969C56709D}
	EndGlobalSection
EndGlobal
