
Microsoft Visual Studio Solution File, Format Version 12.00
# Visual Studio 15
VisualStudioVersion = 15.0.28307.852
MinimumVisualStudioVersion = 10.0.40219.1
Project("{FAE04EC0-301F-11D3-BF4B-00C04F79EFBC}") = "Lab14_2B", "Lab14_2B\Lab14_2B.csproj", "{0470FB61-2504-4B5B-97BE-61596423E869}"
EndProject
Global
	GlobalSection(SolutionConfigurationPlatforms) = preSolution
		Debug|Any CPU = Debug|Any CPU
		Release|Any CPU = Release|Any CPU
	EndGlobalSection
	GlobalSection(ProjectConfigurationPlatforms) = postSolution
		{0470FB61-2504-4B5B-97BE-61596423E869}.Debug|Any CPU.ActiveCfg = Debug|Any CPU
		{0470FB61-2504-4B5B-97BE-61596423E869}.Debug|Any CPU.Build.0 = Debug|Any CPU
		{0470FB61-2504-4B5B-97BE-61596423E869}.Release|Any CPU.ActiveCfg = Release|Any CPU
		{0470FB61-2504-4B5B-97BE-61596423E869}.Release|Any CPU.Build.0 = Release|Any CPU
	EndGlobalSection
	GlobalSection(SolutionProperties) = preSolution
		HideSolutionNode = FALSE
	EndGlobalSection
	GlobalSection(ExtensibilityGlobals) = postSolution
		SolutionGuid = {46DE27C3-5EA5-412F-81CA-5E3593D7CC8A}
	EndGlobalSection
EndGlobal
