
Microsoft Visual Studio Solution File, Format Version 12.00
# Visual Studio 15
VisualStudioVersion = 15.0.28307.852
MinimumVisualStudioVersion = 10.0.40219.1
Project("{FAE04EC0-301F-11D3-BF4B-00C04F79EFBC}") = "Lab8_1A", "Lab8_1A\Lab8_1A.csproj", "{7D735398-4007-4A94-89C2-4F11D730D3ED}"
EndProject
Global
	GlobalSection(SolutionConfigurationPlatforms) = preSolution
		Debug|Any CPU = Debug|Any CPU
		Release|Any CPU = Release|Any CPU
	EndGlobalSection
	GlobalSection(ProjectConfigurationPlatforms) = postSolution
		{7D735398-4007-4A94-89C2-4F11D730D3ED}.Debug|Any CPU.ActiveCfg = Debug|Any CPU
		{7D735398-4007-4A94-89C2-4F11D730D3ED}.Debug|Any CPU.Build.0 = Debug|Any CPU
		{7D735398-4007-4A94-89C2-4F11D730D3ED}.Release|Any CPU.ActiveCfg = Release|Any CPU
		{7D735398-4007-4A94-89C2-4F11D730D3ED}.Release|Any CPU.Build.0 = Release|Any CPU
	EndGlobalSection
	GlobalSection(SolutionProperties) = preSolution
		HideSolutionNode = FALSE
	EndGlobalSection
	GlobalSection(ExtensibilityGlobals) = postSolution
		SolutionGuid = {7D8E6249-00EF-4443-8628-034783A04A51}
	EndGlobalSection
EndGlobal
